
Microsoft Visual Studio Solution File, Format Version 12.00
# Visual Studio 15
VisualStudioVersion = 15.0.27428.2037
MinimumVisualStudioVersion = 10.0.40219.1
Project("{FAE04EC0-301F-11D3-BF4B-00C04F79EFBC}") = "Prim und Kruskal", "Prim und Kruskal\Prim und Kruskal.csproj", "{37A93094-ECE6-49E2-B811-DC6D4458E752}"
EndProject
Global
	GlobalSection(SolutionConfigurationPlatforms) = preSolution
		Debug|Any CPU = Debug|Any CPU
		Release|Any CPU = Release|Any CPU
	EndGlobalSection
	GlobalSection(ProjectConfigurationPlatforms) = postSolution
		{37A93094-ECE6-49E2-B811-DC6D4458E752}.Debug|Any CPU.ActiveCfg = Debug|Any CPU
		{37A93094-ECE6-49E2-B811-DC6D4458E752}.Debug|Any CPU.Build.0 = Debug|Any CPU
		{37A93094-ECE6-49E2-B811-DC6D4458E752}.Release|Any CPU.ActiveCfg = Release|Any CPU
		{37A93094-ECE6-49E2-B811-DC6D4458E752}.Release|Any CPU.Build.0 = Release|Any CPU
	EndGlobalSection
	GlobalSection(SolutionProperties) = preSolution
		HideSolutionNode = FALSE
	EndGlobalSection
	GlobalSection(ExtensibilityGlobals) = postSolution
		SolutionGuid = {90094547-5B35-4475-A820-6CDA54738DDA}
	EndGlobalSection
EndGlobal
